<?xml version="1.0" encoding="utf-8"?>
<Project ToolsVersion="4.0" xmlns="http://schemas.microsoft.com/developer/msbuild/2003">
  <ItemGroup>
    <Filter Include="Source Files">
      <UniqueIdentifier>{4FC737F1-C7A5-4376-A066-2A32D752A2FF}</UniqueIdentifier>
      <Extensions>cpp;c;cc;cxx;def;odl;idl;hpj;bat;asm;asmx</Extensions>
    </Filter>
    <Filter Include="Header Files">
      <UniqueIdentifier>{93995380-89BD-4b04-88EB-625FBE52EBFB}</UniqueIdentifier>
      <Extensions>h;hpp;hxx;hm;inl;inc;xsd</Extensions>
    </Filter>
    <Filter Include="Resource Files">
      <UniqueIdentifier>{67DA6AB6-F800-4c08-8B7A-83BB121AAD01}</UniqueIdentifier>
      <Extensions>rc;ico;cur;bmp;dlg;rc2;rct;bin;rgs;gif;jpg;jpeg;jpe;resx;tiff;tif;png;wav</Extensions>
    </Filter>
    <Filter Include="Tree">
      <UniqueIdentifier>{219b925a-26fd-4a90-955b-ee2db63f5b85}</UniqueIdentifier>
    </Filter>
  </ItemGroup>
  <ItemGroup>
    <ClCompile Include="ActionStack.cpp">
      <Filter>Source Files</Filter>
    </ClCompile>
    <ClCompile Include="App.cpp">
      <Filter>Source Files</Filter>
    </ClCompile>
    <ClCompile Include="ColumnDialog.cpp">
      <Filter>Source Files</Filter>
    </ClCompile>
    <ClCompile Include="EditorWnd.cpp">
      <Filter>Source Files</Filter>
    </ClCompile>
    <ClCompile Include="EmptyWnd.cpp">
      <Filter>Source Files</Filter>
    </ClCompile>
    <ClCompile Include="PatEd.cpp">
      <Filter>Source Files</Filter>
    </ClCompile>
    <ClCompile Include="PatternXP.cpp">
      <Filter>Source Files</Filter>
    </ClCompile>
    <ClCompile Include="RowNumWnd.cpp">
      <Filter>Source Files</Filter>
    </ClCompile>
    <ClCompile Include="ScrollWnd.cpp">
      <Filter>Source Files</Filter>
    </ClCompile>
    <ClCompile Include="stdafx.cpp">
      <Filter>Source Files</Filter>
    </ClCompile>
    <ClCompile Include="ToolBar2.cpp">
      <Filter>Source Files</Filter>
    </ClCompile>
    <ClCompile Include="TopWnd.cpp">
      <Filter>Source Files</Filter>
    </ClCompile>
    <ClCompile Include="..\..\buzz\XMemDC.cpp">
      <Filter>Source Files</Filter>
    </ClCompile>
    <ClCompile Include="tree\CreateCheckboxImageList.cpp">
      <Filter>Tree</Filter>
    </ClCompile>
    <ClCompile Include="tree\VisualStylesXP.cpp">
      <Filter>Tree</Filter>
    </ClCompile>
    <ClCompile Include="tree\XHtmlDraw.cpp">
      <Filter>Tree</Filter>
    </ClCompile>
    <ClCompile Include="tree\XHtmlDrawLink.cpp">
      <Filter>Tree</Filter>
    </ClCompile>
    <ClCompile Include="tree\XHtmlTree.cpp">
      <Filter>Tree</Filter>
    </ClCompile>
    <ClCompile Include="tree\XNamedColors.cpp">
      <Filter>Tree</Filter>
    </ClCompile>
    <ClCompile Include="tree\XString.cpp">
      <Filter>Tree</Filter>
    </ClCompile>
    <ClCompile Include="ChordExpert.cpp">
      <Filter>Source Files</Filter>
    </ClCompile>
    <ClCompile Include="INI.cpp">
      <Filter>Source Files</Filter>
    </ClCompile>
    <ClCompile Include="Parameters.cpp">
      <Filter>Source Files</Filter>
    </ClCompile>
    <ClCompile Include="SaveArpeggio.cpp">
      <Filter>Source Files</Filter>
    </ClCompile>
    <ClCompile Include="TonalDlg.cpp">
      <Filter>Source Files</Filter>
    </ClCompile>
  </ItemGroup>
  <ItemGroup>
    <ClInclude Include="ActionStack.h">
      <Filter>Header Files</Filter>
    </ClInclude>
    <ClInclude Include="ColumnDialog.h">
      <Filter>Header Files</Filter>
    </ClInclude>
    <ClInclude Include="CursorPos.h">
      <Filter>Header Files</Filter>
    </ClInclude>
    <ClInclude Include="EditorWnd.h">
      <Filter>Header Files</Filter>
    </ClInclude>
    <ClInclude Include="EmptyWnd.h">
      <Filter>Header Files</Filter>
    </ClInclude>
    <ClInclude Include="ImageList.h">
      <Filter>Header Files</Filter>
    </ClInclude>
    <ClInclude Include="MachinePattern.h">
      <Filter>Header Files</Filter>
    </ClInclude>
    <ClInclude Include="PatEd.h">
      <Filter>Header Files</Filter>
    </ClInclude>
    <ClInclude Include="Resource.h">
      <Filter>Header Files</Filter>
    </ClInclude>
    <ClInclude Include="RowNumWnd.h">
      <Filter>Header Files</Filter>
    </ClInclude>
    <ClInclude Include="ScrollWnd.h">
      <Filter>Header Files</Filter>
    </ClInclude>
    <ClInclude Include="stdafx.h">
      <Filter>Header Files</Filter>
    </ClInclude>
    <ClInclude Include="targetver.h">
      <Filter>Header Files</Filter>
    </ClInclude>
    <ClInclude Include="TopWnd.h">
      <Filter>Header Files</Filter>
    </ClInclude>
    <ClInclude Include="tree\XTrace.h">
      <Filter>Header Files</Filter>
    </ClInclude>
    <ClInclude Include="tree\CreateCheckboxImageList.h">
      <Filter>Tree</Filter>
    </ClInclude>
    <ClInclude Include="tree\VisualStylesXP.h">
      <Filter>Tree</Filter>
    </ClInclude>
    <ClInclude Include="tree\XHtmlDraw.h">
      <Filter>Tree</Filter>
    </ClInclude>
    <ClInclude Include="tree\XHtmlDrawLink.h">
      <Filter>Tree</Filter>
    </ClInclude>
    <ClInclude Include="tree\XHtmlTree.h">
      <Filter>Tree</Filter>
    </ClInclude>
    <ClInclude Include="tree\XNamedColors.h">
      <Filter>Tree</Filter>
    </ClInclude>
    <ClInclude Include="tree\XString.h">
      <Filter>Tree</Filter>
    </ClInclude>
    <ClInclude Include="RecQueue.h">
      <Filter>Header Files</Filter>
    </ClInclude>
    <ClInclude Include="TonalDlg.h">
      <Filter>Header Files</Filter>
    </ClInclude>
  </ItemGroup>
  <ItemGroup>
    <ResourceCompile Include="PatternXP.rc">
      <Filter>Resource Files</Filter>
    </ResourceCompile>
  </ItemGroup>
  <ItemGroup>
    <None Include="icon1.ico">
      <Filter>Resource Files</Filter>
    </None>
    <None Include="toolbar1.bmp">
      <Filter>Resource Files</Filter>
    </None>
    <None Include="toolbar24.bmp">
      <Filter>Resource Files</Filter>
    </None>
    <None Include="treeimages.bmp">
      <Filter>Resource Files</Filter>
    </None>
    <None Include="ReadMe.txt" />
  </ItemGroup>
</Project>